
Microsoft Visual Studio Solution File, Format Version 12.00
# Visual Studio Version 17
VisualStudioVersion = 17.11.35327.3
MinimumVisualStudioVersion = 10.0.40219.1
Project("{9A19103F-16F7-4668-BE54-9A1E7A4F7556}") = "API", "API\API.csproj", "{DDF0A0C7-F49D-4627-87FE-83AC0587BC64}"
EndProject
Project("{9A19103F-16F7-4668-BE54-9A1E7A4F7556}") = "Storage", "Storage\Storage.csproj", "{A821A9D2-623E-40F0-89CA-D6C2E427B7F7}"
EndProject
Project("{9A19103F-16F7-4668-BE54-9A1E7A4F7556}") = "Core", "Core\Core.csproj", "{80453899-E9A9-4C95-8FCB-95BD17A321AD}"
EndProject
Project("{9A19103F-16F7-4668-BE54-9A1E7A4F7556}") = "Application", "Application\Application.csproj", "{6F48B38A-9DF2-4654-8162-3C97EC5B18C0}"
EndProject
Project("{FAE04EC0-301F-11D3-BF4B-00C04F79EFBC}") = "Infrastructure", "Infrastructure\Infrastructure.csproj", "{0CF9D90C-C83A-43BD-AA44-DA196183F65D}"
EndProject
Global
	GlobalSection(SolutionConfigurationPlatforms) = preSolution
		Debug|Any CPU = Debug|Any CPU
		Release|Any CPU = Release|Any CPU
	EndGlobalSection
	GlobalSection(ProjectConfigurationPlatforms) = postSolution
		{DDF0A0C7-F49D-4627-87FE-83AC0587BC64}.Debug|Any CPU.ActiveCfg = Debug|Any CPU
		{DDF0A0C7-F49D-4627-87FE-83AC0587BC64}.Debug|Any CPU.Build.0 = Debug|Any CPU
		{DDF0A0C7-F49D-4627-87FE-83AC0587BC64}.Release|Any CPU.ActiveCfg = Release|Any CPU
		{DDF0A0C7-F49D-4627-87FE-83AC0587BC64}.Release|Any CPU.Build.0 = Release|Any CPU
		{A821A9D2-623E-40F0-89CA-D6C2E427B7F7}.Debug|Any CPU.ActiveCfg = Debug|Any CPU
		{A821A9D2-623E-40F0-89CA-D6C2E427B7F7}.Debug|Any CPU.Build.0 = Debug|Any CPU
		{A821A9D2-623E-40F0-89CA-D6C2E427B7F7}.Release|Any CPU.ActiveCfg = Release|Any CPU
		{A821A9D2-623E-40F0-89CA-D6C2E427B7F7}.Release|Any CPU.Build.0 = Release|Any CPU
		{80453899-E9A9-4C95-8FCB-95BD17A321AD}.Debug|Any CPU.ActiveCfg = Debug|Any CPU
		{80453899-E9A9-4C95-8FCB-95BD17A321AD}.Debug|Any CPU.Build.0 = Debug|Any CPU
		{80453899-E9A9-4C95-8FCB-95BD17A321AD}.Release|Any CPU.ActiveCfg = Release|Any CPU
		{80453899-E9A9-4C95-8FCB-95BD17A321AD}.Release|Any CPU.Build.0 = Release|Any CPU
		{6F48B38A-9DF2-4654-8162-3C97EC5B18C0}.Debug|Any CPU.ActiveCfg = Debug|Any CPU
		{6F48B38A-9DF2-4654-8162-3C97EC5B18C0}.Debug|Any CPU.Build.0 = Debug|Any CPU
		{6F48B38A-9DF2-4654-8162-3C97EC5B18C0}.Release|Any CPU.ActiveCfg = Release|Any CPU
		{6F48B38A-9DF2-4654-8162-3C97EC5B18C0}.Release|Any CPU.Build.0 = Release|Any CPU
		{0CF9D90C-C83A-43BD-AA44-DA196183F65D}.Debug|Any CPU.ActiveCfg = Debug|Any CPU
		{0CF9D90C-C83A-43BD-AA44-DA196183F65D}.Debug|Any CPU.Build.0 = Debug|Any CPU
		{0CF9D90C-C83A-43BD-AA44-DA196183F65D}.Release|Any CPU.ActiveCfg = Release|Any CPU
		{0CF9D90C-C83A-43BD-AA44-DA196183F65D}.Release|Any CPU.Build.0 = Release|Any CPU
	EndGlobalSection
	GlobalSection(SolutionProperties) = preSolution
		HideSolutionNode = FALSE
	EndGlobalSection
	GlobalSection(ExtensibilityGlobals) = postSolution
		SolutionGuid = {4BEF1149-63E5-4B1B-9A02-B27B44A69FE9}
	EndGlobalSection
EndGlobal
